
Microsoft Visual Studio Solution File, Format Version 12.00
# Visual Studio Version 17
VisualStudioVersion = 17.8.34322.80
MinimumVisualStudioVersion = 10.0.40219.1
Project("{FAE04EC0-301F-11D3-BF4B-00C04F79EFBC}") = "WorkForcePro", "WorkForcePro.csproj", "{9BA7D175-6B26-4E50-8DBF-87615193D6B1}"
EndProject
Global
	GlobalSection(SolutionConfigurationPlatforms) = preSolution
		Debug|Any CPU = Debug|Any CPU
		Release|Any CPU = Release|Any CPU
	EndGlobalSection
	GlobalSection(ProjectConfigurationPlatforms) = postSolution
		{9BA7D175-6B26-4E50-8DBF-87615193D6B1}.Debug|Any CPU.ActiveCfg = Debug|Any CPU
		{9BA7D175-6B26-4E50-8DBF-87615193D6B1}.Debug|Any CPU.Build.0 = Debug|Any CPU
		{9BA7D175-6B26-4E50-8DBF-87615193D6B1}.Release|Any CPU.ActiveCfg = Release|Any CPU
		{9BA7D175-6B26-4E50-8DBF-87615193D6B1}.Release|Any CPU.Build.0 = Release|Any CPU
	EndGlobalSection
	GlobalSection(SolutionProperties) = preSolution
		HideSolutionNode = FALSE
	EndGlobalSection
	GlobalSection(ExtensibilityGlobals) = postSolution
		SolutionGuid = {DCB62253-2653-4559-BB16-78947080E58E}
	EndGlobalSection
EndGlobal
